// !$*UTF8*$!
{
	archiveVersion = 1;
	classes = {
	};
	objectVersion = 56;
	objects = {

/* Begin PBXBuildFile section */
		54B8CCC60F7944758FD81F62 /* Pods_DyslexicTests.framework in Frameworks */ = {isa = PBXBuildFile; fileRef = D68EA7F790EF28D743951B36 /* Pods_DyslexicTests.framework */; };
		B4CF99E3458728C84A826234 /* Pods_Dyslexic.framework in Frameworks */ = {isa = PBXBuildFile; fileRef = 5DF338CBAF021E61E50BA1BC /* Pods_Dyslexic.framework */; };
		DABB9DB200B8B1A68BE71DA2 /* Pods_Dyslexic_DyslexicUITests.framework in Frameworks */ = {isa = PBXBuildFile; fileRef = 2D80A61EFC41600B7F4EDB19 /* Pods_Dyslexic_DyslexicUITests.framework */; };
		E21A855C2AF9469400655648 /* AppDelegate.swift in Sources */ = {isa = PBXBuildFile; fileRef = E21A855B2AF9469400655648 /* AppDelegate.swift */; };
		E21A855E2AF9469400655648 /* SceneDelegate.swift in Sources */ = {isa = PBXBuildFile; fileRef = E21A855D2AF9469400655648 /* SceneDelegate.swift */; };
		E21A85602AF9469400655648 /* ViewController.swift in Sources */ = {isa = PBXBuildFile; fileRef = E21A855F2AF9469400655648 /* ViewController.swift */; };
		E21A85632AF9469400655648 /* Main.storyboard in Resources */ = {isa = PBXBuildFile; fileRef = E21A85612AF9469400655648 /* Main.storyboard */; };
		E21A85652AF9469900655648 /* Assets.xcassets in Resources */ = {isa = PBXBuildFile; fileRef = E21A85642AF9469900655648 /* Assets.xcassets */; };
		E21A85682AF9469900655648 /* LaunchScreen.storyboard in Resources */ = {isa = PBXBuildFile; fileRef = E21A85662AF9469900655648 /* LaunchScreen.storyboard */; };
		E21A85732AF9469A00655648 /* DyslexicTests.swift in Sources */ = {isa = PBXBuildFile; fileRef = E21A85722AF9469A00655648 /* DyslexicTests.swift */; };
		E21A857D2AF9469A00655648 /* DyslexicUITests.swift in Sources */ = {isa = PBXBuildFile; fileRef = E21A857C2AF9469A00655648 /* DyslexicUITests.swift */; };
		E21A857F2AF9469A00655648 /* DyslexicUITestsLaunchTests.swift in Sources */ = {isa = PBXBuildFile; fileRef = E21A857E2AF9469A00655648 /* DyslexicUITestsLaunchTests.swift */; };
		E21A858D2AF9E34500655648 /* Alamofire in Frameworks */ = {isa = PBXBuildFile; productRef = E21A858C2AF9E34500655648 /* Alamofire */; };
/* End PBXBuildFile section */

/* Begin PBXContainerItemProxy section */
		E21A856F2AF9469A00655648 /* PBXContainerItemProxy */ = {
			isa = PBXContainerItemProxy;
			containerPortal = E21A85502AF9469400655648 /* Project object */;
			proxyType = 1;
			remoteGlobalIDString = E21A85572AF9469400655648;
			remoteInfo = Dyslexic;
		};
		E21A85792AF9469A00655648 /* PBXContainerItemProxy */ = {
			isa = PBXContainerItemProxy;
			containerPortal = E21A85502AF9469400655648 /* Project object */;
			proxyType = 1;
			remoteGlobalIDString = E21A85572AF9469400655648;
			remoteInfo = Dyslexic;
		};
/* End PBXContainerItemProxy section */

/* Begin PBXFileReference section */
		2D80A61EFC41600B7F4EDB19 /* Pods_Dyslexic_DyslexicUITests.framework */ = {isa = PBXFileReference; explicitFileType = wrapper.framework; includeInIndex = 0; path = Pods_Dyslexic_DyslexicUITests.framework; sourceTree = BUILT_PRODUCTS_DIR; };
		31DE1F2690A11DB787CCDA78 /* Pods-Dyslexic-DyslexicUITests.debug.xcconfig */ = {isa = PBXFileReference; includeInIndex = 1; lastKnownFileType = text.xcconfig; name = "Pods-Dyslexic-DyslexicUITests.debug.xcconfig"; path = "Target Support Files/Pods-Dyslexic-DyslexicUITests/Pods-Dyslexic-DyslexicUITests.debug.xcconfig"; sourceTree = "<group>"; };
		4052240DE8A763A5E6389929 /* Pods-DyslexicTests.release.xcconfig */ = {isa = PBXFileReference; includeInIndex = 1; lastKnownFileType = text.xcconfig; name = "Pods-DyslexicTests.release.xcconfig"; path = "Target Support Files/Pods-DyslexicTests/Pods-DyslexicTests.release.xcconfig"; sourceTree = "<group>"; };
		5DF338CBAF021E61E50BA1BC /* Pods_Dyslexic.framework */ = {isa = PBXFileReference; explicitFileType = wrapper.framework; includeInIndex = 0; path = Pods_Dyslexic.framework; sourceTree = BUILT_PRODUCTS_DIR; };
		B8CC6C1E3BD63516DC8B8BEF /* Pods-Dyslexic-DyslexicUITests.release.xcconfig */ = {isa = PBXFileReference; includeInIndex = 1; lastKnownFileType = text.xcconfig; name = "Pods-Dyslexic-DyslexicUITests.release.xcconfig"; path = "Target Support Files/Pods-Dyslexic-DyslexicUITests/Pods-Dyslexic-DyslexicUITests.release.xcconfig"; sourceTree = "<group>"; };
		C4E600C43F8D7E3EF608254A /* Pods-DyslexicTests.debug.xcconfig */ = {isa = PBXFileReference; includeInIndex = 1; lastKnownFileType = text.xcconfig; name = "Pods-DyslexicTests.debug.xcconfig"; path = "Target Support Files/Pods-DyslexicTests/Pods-DyslexicTests.debug.xcconfig"; sourceTree = "<group>"; };
		D31C84FD523A2C66FA6F6784 /* Pods-Dyslexic.debug.xcconfig */ = {isa = PBXFileReference; includeInIndex = 1; lastKnownFileType = text.xcconfig; name = "Pods-Dyslexic.debug.xcconfig"; path = "Target Support Files/Pods-Dyslexic/Pods-Dyslexic.debug.xcconfig"; sourceTree = "<group>"; };
		D68EA7F790EF28D743951B36 /* Pods_DyslexicTests.framework */ = {isa = PBXFileReference; explicitFileType = wrapper.framework; includeInIndex = 0; path = Pods_DyslexicTests.framework; sourceTree = BUILT_PRODUCTS_DIR; };
		D804E78219D97DCD549C2BAE /* Pods-Dyslexic.release.xcconfig */ = {isa = PBXFileReference; includeInIndex = 1; lastKnownFileType = text.xcconfig; name = "Pods-Dyslexic.release.xcconfig"; path = "Target Support Files/Pods-Dyslexic/Pods-Dyslexic.release.xcconfig"; sourceTree = "<group>"; };
		E21A85582AF9469400655648 /* Dyslexic.app */ = {isa = PBXFileReference; explicitFileType = wrapper.application; includeInIndex = 0; path = Dyslexic.app; sourceTree = BUILT_PRODUCTS_DIR; };
		E21A855B2AF9469400655648 /* AppDelegate.swift */ = {isa = PBXFileReference; lastKnownFileType = sourcecode.swift; path = AppDelegate.swift; sourceTree = "<group>"; };
		E21A855D2AF9469400655648 /* SceneDelegate.swift */ = {isa = PBXFileReference; lastKnownFileType = sourcecode.swift; path = SceneDelegate.swift; sourceTree = "<group>"; };
		E21A855F2AF9469400655648 /* ViewController.swift */ = {isa = PBXFileReference; lastKnownFileType = sourcecode.swift; path = ViewController.swift; sourceTree = "<group>"; };
		E21A85622AF9469400655648 /* Base */ = {isa = PBXFileReference; lastKnownFileType = file.storyboard; name = Base; path = Base.lproj/Main.storyboard; sourceTree = "<group>"; };
		E21A85642AF9469900655648 /* Assets.xcassets */ = {isa = PBXFileReference; lastKnownFileType = folder.assetcatalog; path = Assets.xcassets; sourceTree = "<group>"; };
		E21A85672AF9469900655648 /* Base */ = {isa = PBXFileReference; lastKnownFileType = file.storyboard; name = Base; path = Base.lproj/LaunchScreen.storyboard; sourceTree = "<group>"; };
		E21A85692AF9469900655648 /* Info.plist */ = {isa = PBXFileReference; lastKnownFileType = text.plist.xml; path = Info.plist; sourceTree = "<group>"; };
		E21A856E2AF9469A00655648 /* DyslexicTests.xctest */ = {isa = PBXFileReference; explicitFileType = wrapper.cfbundle; includeInIndex = 0; path = DyslexicTests.xctest; sourceTree = BUILT_PRODUCTS_DIR; };
		E21A85722AF9469A00655648 /* DyslexicTests.swift */ = {isa = PBXFileReference; lastKnownFileType = sourcecode.swift; path = DyslexicTests.swift; sourceTree = "<group>"; };
		E21A85782AF9469A00655648 /* DyslexicUITests.xctest */ = {isa = PBXFileReference; explicitFileType = wrapper.cfbundle; includeInIndex = 0; path = DyslexicUITests.xctest; sourceTree = BUILT_PRODUCTS_DIR; };
		E21A857C2AF9469A00655648 /* DyslexicUITests.swift */ = {isa = PBXFileReference; lastKnownFileType = sourcecode.swift; path = DyslexicUITests.swift; sourceTree = "<group>"; };
		E21A857E2AF9469A00655648 /* DyslexicUITestsLaunchTests.swift */ = {isa = PBXFileReference; lastKnownFileType = sourcecode.swift; path = DyslexicUITestsLaunchTests.swift; sourceTree = "<group>"; };
/* End PBXFileReference section */

/* Begin PBXFrameworksBuildPhase section */
		E21A85552AF9469400655648 /* Frameworks */ = {
			isa = PBXFrameworksBuildPhase;
			buildActionMask = 2147483647;
			files = (
				B4CF99E3458728C84A826234 /* Pods_Dyslexic.framework in Frameworks */,
				E21A858D2AF9E34500655648 /* Alamofire in Frameworks */,
			);
			runOnlyForDeploymentPostprocessing = 0;
		};
		E21A856B2AF9469A00655648 /* Frameworks */ = {
			isa = PBXFrameworksBuildPhase;
			buildActionMask = 2147483647;
			files = (
				54B8CCC60F7944758FD81F62 /* Pods_DyslexicTests.framework in Frameworks */,
			);
			runOnlyForDeploymentPostprocessing = 0;
		};
		E21A85752AF9469A00655648 /* Frameworks */ = {
			isa = PBXFrameworksBuildPhase;
			buildActionMask = 2147483647;
			files = (
				DABB9DB200B8B1A68BE71DA2 /* Pods_Dyslexic_DyslexicUITests.framework in Frameworks */,
			);
			runOnlyForDeploymentPostprocessing = 0;
		};
/* End PBXFrameworksBuildPhase section */

/* Begin PBXGroup section */
		6A8E7AF74D20E39DFE6BF9AD /* Frameworks */ = {
			isa = PBXGroup;
			children = (
				5DF338CBAF021E61E50BA1BC /* Pods_Dyslexic.framework */,
				2D80A61EFC41600B7F4EDB19 /* Pods_Dyslexic_DyslexicUITests.framework */,
				D68EA7F790EF28D743951B36 /* Pods_DyslexicTests.framework */,
			);
			name = Frameworks;
			sourceTree = "<group>";
		};
		E21A854F2AF9469400655648 = {
			isa = PBXGroup;
			children = (
				E21A855A2AF9469400655648 /* Dyslexic */,
				E21A85712AF9469A00655648 /* DyslexicTests */,
				E21A857B2AF9469A00655648 /* DyslexicUITests */,
				E21A85592AF9469400655648 /* Products */,
				FE51C56309039A8DCF136E21 /* Pods */,
				6A8E7AF74D20E39DFE6BF9AD /* Frameworks */,
			);
			sourceTree = "<group>";
		};
		E21A85592AF9469400655648 /* Products */ = {
			isa = PBXGroup;
			children = (
				E21A85582AF9469400655648 /* Dyslexic.app */,
				E21A856E2AF9469A00655648 /* DyslexicTests.xctest */,
				E21A85782AF9469A00655648 /* DyslexicUITests.xctest */,
			);
			name = Products;
			sourceTree = "<group>";
		};
		E21A855A2AF9469400655648 /* Dyslexic */ = {
			isa = PBXGroup;
			children = (
				E21A855B2AF9469400655648 /* AppDelegate.swift */,
				E21A855D2AF9469400655648 /* SceneDelegate.swift */,
				E21A855F2AF9469400655648 /* ViewController.swift */,
				E21A85612AF9469400655648 /* Main.storyboard */,
				E21A85642AF9469900655648 /* Assets.xcassets */,
				E21A85662AF9469900655648 /* LaunchScreen.storyboard */,
				E21A85692AF9469900655648 /* Info.plist */,
			);
			path = Dyslexic;
			sourceTree = "<group>";
		};
		E21A85712AF9469A00655648 /* DyslexicTests */ = {
			isa = PBXGroup;
			children = (
				E21A85722AF9469A00655648 /* DyslexicTests.swift */,
			);
			path = DyslexicTests;
			sourceTree = "<group>";
		};
		E21A857B2AF9469A00655648 /* DyslexicUITests */ = {
			isa = PBXGroup;
			children = (
				E21A857C2AF9469A00655648 /* DyslexicUITests.swift */,
				E21A857E2AF9469A00655648 /* DyslexicUITestsLaunchTests.swift */,
			);
			path = DyslexicUITests;
			sourceTree = "<group>";
		};
		FE51C56309039A8DCF136E21 /* Pods */ = {
			isa = PBXGroup;
			children = (
				D31C84FD523A2C66FA6F6784 /* Pods-Dyslexic.debug.xcconfig */,
				D804E78219D97DCD549C2BAE /* Pods-Dyslexic.release.xcconfig */,
				31DE1F2690A11DB787CCDA78 /* Pods-Dyslexic-DyslexicUITests.debug.xcconfig */,
				B8CC6C1E3BD63516DC8B8BEF /* Pods-Dyslexic-DyslexicUITests.release.xcconfig */,
				C4E600C43F8D7E3EF608254A /* Pods-DyslexicTests.debug.xcconfig */,
				4052240DE8A763A5E6389929 /* Pods-DyslexicTests.release.xcconfig */,
			);
			path = Pods;
			sourceTree = "<group>";
		};
/* End PBXGroup section */

/* Begin PBXNativeTarget section */
		E21A85572AF9469400655648 /* Dyslexic */ = {
			isa = PBXNativeTarget;
			buildConfigurationList = E21A85822AF9469A00655648 /* Build configuration list for PBXNativeTarget "Dyslexic" */;
			buildPhases = (
				BC9ECCFBE0E09CD661437A71 /* [CP] Check Pods Manifest.lock */,
				E21A85542AF9469400655648 /* Sources */,
				E21A85552AF9469400655648 /* Frameworks */,
				E21A85562AF9469400655648 /* Resources */,
			);
			buildRules = (
			);
			dependencies = (
			);
			name = Dyslexic;
			packageProductDependencies = (
				E21A858C2AF9E34500655648 /* Alamofire */,
			);
			productName = Dyslexic;
			productReference = E21A85582AF9469400655648 /* Dyslexic.app */;
			productType = "com.apple.product-type.application";
		};
		E21A856D2AF9469A00655648 /* DyslexicTests */ = {
			isa = PBXNativeTarget;
			buildConfigurationList = E21A85852AF9469A00655648 /* Build configuration list for PBXNativeTarget "DyslexicTests" */;
			buildPhases = (
				113E5386E26AD32DF9F328AB /* [CP] Check Pods Manifest.lock */,
				E21A856A2AF9469A00655648 /* Sources */,
				E21A856B2AF9469A00655648 /* Frameworks */,
				E21A856C2AF9469A00655648 /* Resources */,
			);
			buildRules = (
			);
			dependencies = (
				E21A85702AF9469A00655648 /* PBXTargetDependency */,
			);
			name = DyslexicTests;
			productName = DyslexicTests;
			productReference = E21A856E2AF9469A00655648 /* DyslexicTests.xctest */;
			productType = "com.apple.product-type.bundle.unit-test";
		};
		E21A85772AF9469A00655648 /* DyslexicUITests */ = {
			isa = PBXNativeTarget;
			buildConfigurationList = E21A85882AF9469A00655648 /* Build configuration list for PBXNativeTarget "DyslexicUITests" */;
			buildPhases = (
				9AD0FDBA564023402C3CABDC /* [CP] Check Pods Manifest.lock */,
				E21A85742AF9469A00655648 /* Sources */,
				E21A85752AF9469A00655648 /* Frameworks */,
				E21A85762AF9469A00655648 /* Resources */,
				70AB28E6B7E2BE1A933FA6DF /* [CP] Embed Pods Frameworks */,
			);
			buildRules = (
			);
			dependencies = (
				E21A857A2AF9469A00655648 /* PBXTargetDependency */,
			);
			name = DyslexicUITests;
			productName = DyslexicUITests;
			productReference = E21A85782AF9469A00655648 /* DyslexicUITests.xctest */;
			productType = "com.apple.product-type.bundle.ui-testing";
		};
/* End PBXNativeTarget section */

/* Begin PBXProject section */
		E21A85502AF9469400655648 /* Project object */ = {
			isa = PBXProject;
			attributes = {
				BuildIndependentTargetsInParallel = 1;
				LastSwiftUpdateCheck = 1500;
				LastUpgradeCheck = 1500;
				TargetAttributes = {
					E21A85572AF9469400655648 = {
						CreatedOnToolsVersion = 15.0.1;
					};
					E21A856D2AF9469A00655648 = {
						CreatedOnToolsVersion = 15.0.1;
						TestTargetID = E21A85572AF9469400655648;
					};
					E21A85772AF9469A00655648 = {
						CreatedOnToolsVersion = 15.0.1;
						TestTargetID = E21A85572AF9469400655648;
					};
				};
			};
			buildConfigurationList = E21A85532AF9469400655648 /* Build configuration list for PBXProject "Dyslexic" */;
			compatibilityVersion = "Xcode 14.0";
			developmentRegion = en;
			hasScannedForEncodings = 0;
			knownRegions = (
				en,
				Base,
			);
			mainGroup = E21A854F2AF9469400655648;
			packageReferences = (
				E21A858B2AF9E34500655648 /* XCRemoteSwiftPackageReference "Alamofire" */,
			);
			productRefGroup = E21A85592AF9469400655648 /* Products */;
			projectDirPath = "";
			projectRoot = "";
			targets = (
				E21A85572AF9469400655648 /* Dyslexic */,
				E21A856D2AF9469A00655648 /* DyslexicTests */,
				E21A85772AF9469A00655648 /* DyslexicUITests */,
			);
		};
/* End PBXProject section */

/* Begin PBXResourcesBuildPhase section */
		E21A85562AF9469400655648 /* Resources */ = {
			isa = PBXResourcesBuildPhase;
			buildActionMask = 2147483647;
			files = (
				E21A85682AF9469900655648 /* LaunchScreen.storyboard in Resources */,
				E21A85652AF9469900655648 /* Assets.xcassets in Resources */,
				E21A85632AF9469400655648 /* Main.storyboard in Resources */,
			);
			runOnlyForDeploymentPostprocessing = 0;
		};
		E21A856C2AF9469A00655648 /* Resources */ = {
			isa = PBXResourcesBuildPhase;
			buildActionMask = 2147483647;
			files = (
			);
			runOnlyForDeploymentPostprocessing = 0;
		};
		E21A85762AF9469A00655648 /* Resources */ = {
			isa = PBXResourcesBuildPhase;
			buildActionMask = 2147483647;
			files = (
			);
			runOnlyForDeploymentPostprocessing = 0;
		};
/* End PBXResourcesBuildPhase section */

/* Begin PBXShellScriptBuildPhase section */
		113E5386E26AD32DF9F328AB /* [CP] Check Pods Manifest.lock */ = {
			isa = PBXShellScriptBuildPhase;
			buildActionMask = 2147483647;
			files = (
			);
			inputFileListPaths = (
			);
			inputPaths = (
				"${PODS_PODFILE_DIR_PATH}/Podfile.lock",
				"${PODS_ROOT}/Manifest.lock",
			);
			name = "[CP] Check Pods Manifest.lock";
			outputFileListPaths = (
			);
			outputPaths = (
				"$(DERIVED_FILE_DIR)/Pods-DyslexicTests-checkManifestLockResult.txt",
			);
			runOnlyForDeploymentPostprocessing = 0;
			shellPath = /bin/sh;
			shellScript = "diff \"${PODS_PODFILE_DIR_PATH}/Podfile.lock\" \"${PODS_ROOT}/Manifest.lock\" > /dev/null\nif [ $? != 0 ] ; then\n    # print error to STDERR\n    echo \"error: The sandbox is not in sync with the Podfile.lock. Run 'pod install' or update your CocoaPods installation.\" >&2\n    exit 1\nfi\n# This output is used by Xcode 'outputs' to avoid re-running this script phase.\necho \"SUCCESS\" > \"${SCRIPT_OUTPUT_FILE_0}\"\n";
			showEnvVarsInLog = 0;
		};
		70AB28E6B7E2BE1A933FA6DF /* [CP] Embed Pods Frameworks */ = {
			isa = PBXShellScriptBuildPhase;
			buildActionMask = 2147483647;
			files = (
			);
			inputFileListPaths = (
				"${PODS_ROOT}/Target Support Files/Pods-Dyslexic-DyslexicUITests/Pods-Dyslexic-DyslexicUITests-frameworks-${CONFIGURATION}-input-files.xcfilelist",
			);
			name = "[CP] Embed Pods Frameworks";
			outputFileListPaths = (
				"${PODS_ROOT}/Target Support Files/Pods-Dyslexic-DyslexicUITests/Pods-Dyslexic-DyslexicUITests-frameworks-${CONFIGURATION}-output-files.xcfilelist",
			);
			runOnlyForDeploymentPostprocessing = 0;
			shellPath = /bin/sh;
			shellScript = "\"${PODS_ROOT}/Target Support Files/Pods-Dyslexic-DyslexicUITests/Pods-Dyslexic-DyslexicUITests-frameworks.sh\"\n";
			showEnvVarsInLog = 0;
		};
		9AD0FDBA564023402C3CABDC /* [CP] Check Pods Manifest.lock */ = {
			isa = PBXShellScriptBuildPhase;
			buildActionMask = 2147483647;
			files = (
			);
			inputFileListPaths = (
			);
			inputPaths = (
				"${PODS_PODFILE_DIR_PATH}/Podfile.lock",
				"${PODS_ROOT}/Manifest.lock",
			);
			name = "[CP] Check Pods Manifest.lock";
			outputFileListPaths = (
			);
			outputPaths = (
				"$(DERIVED_FILE_DIR)/Pods-Dyslexic-DyslexicUITests-checkManifestLockResult.txt",
			);
			runOnlyForDeploymentPostprocessing = 0;
			shellPath = /bin/sh;
			shellScript = "diff \"${PODS_PODFILE_DIR_PATH}/Podfile.lock\" \"${PODS_ROOT}/Manifest.lock\" > /dev/null\nif [ $? != 0 ] ; then\n    # print error to STDERR\n    echo \"error: The sandbox is not in sync with the Podfile.lock. Run 'pod install' or update your CocoaPods installation.\" >&2\n    exit 1\nfi\n# This output is used by Xcode 'outputs' to avoid re-running this script phase.\necho \"SUCCESS\" > \"${SCRIPT_OUTPUT_FILE_0}\"\n";
			showEnvVarsInLog = 0;
		};
		BC9ECCFBE0E09CD661437A71 /* [CP] Check Pods Manifest.lock */ = {
			isa = PBXShellScriptBuildPhase;
			buildActionMask = 2147483647;
			files = (
			);
			inputFileListPaths = (
			);
			inputPaths = (
				"${PODS_PODFILE_DIR_PATH}/Podfile.lock",
				"${PODS_ROOT}/Manifest.lock",
			);
			name = "[CP] Check Pods Manifest.lock";
			outputFileListPaths = (
			);
			outputPaths = (
				"$(DERIVED_FILE_DIR)/Pods-Dyslexic-checkManifestLockResult.txt",
			);
			runOnlyForDeploymentPostprocessing = 0;
			shellPath = /bin/sh;
			shellScript = "diff \"${PODS_PODFILE_DIR_PATH}/Podfile.lock\" \"${PODS_ROOT}/Manifest.lock\" > /dev/null\nif [ $? != 0 ] ; then\n    # print error to STDERR\n    echo \"error: The sandbox is not in sync with the Podfile.lock. Run 'pod install' or update your CocoaPods installation.\" >&2\n    exit 1\nfi\n# This output is used by Xcode 'outputs' to avoid re-running this script phase.\necho \"SUCCESS\" > \"${SCRIPT_OUTPUT_FILE_0}\"\n";
			showEnvVarsInLog = 0;
		};
/* End PBXShellScriptBuildPhase section */

/* Begin PBXSourcesBuildPhase section */
		E21A85542AF9469400655648 /* Sources */ = {
			isa = PBXSourcesBuildPhase;
			buildActionMask = 2147483647;
			files = (
				E21A85602AF9469400655648 /* ViewController.swift in Sources */,
				E21A855C2AF9469400655648 /* AppDelegate.swift in Sources */,
				E21A855E2AF9469400655648 /* SceneDelegate.swift in Sources */,
			);
			runOnlyForDeploymentPostprocessing = 0;
		};
		E21A856A2AF9469A00655648 /* Sources */ = {
			isa = PBXSourcesBuildPhase;
			buildActionMask = 2147483647;
			files = (
				E21A85732AF9469A00655648 /* DyslexicTests.swift in Sources */,
			);
			runOnlyForDeploymentPostprocessing = 0;
		};
		E21A85742AF9469A00655648 /* Sources */ = {
			isa = PBXSourcesBuildPhase;
			buildActionMask = 2147483647;
			files = (
				E21A857F2AF9469A00655648 /* DyslexicUITestsLaunchTests.swift in Sources */,
				E21A857D2AF9469A00655648 /* DyslexicUITests.swift in Sources */,
			);
			runOnlyForDeploymentPostprocessing = 0;
		};
/* End PBXSourcesBuildPhase section */

/* Begin PBXTargetDependency section */
		E21A85702AF9469A00655648 /* PBXTargetDependency */ = {
			isa = PBXTargetDependency;
			target = E21A85572AF9469400655648 /* Dyslexic */;
			targetProxy = E21A856F2AF9469A00655648 /* PBXContainerItemProxy */;
		};
		E21A857A2AF9469A00655648 /* PBXTargetDependency */ = {
			isa = PBXTargetDependency;
			target = E21A85572AF9469400655648 /* Dyslexic */;
			targetProxy = E21A85792AF9469A00655648 /* PBXContainerItemProxy */;
		};
/* End PBXTargetDependency section */

/* Begin PBXVariantGroup section */
		E21A85612AF9469400655648 /* Main.storyboard */ = {
			isa = PBXVariantGroup;
			children = (
				E21A85622AF9469400655648 /* Base */,
			);
			name = Main.storyboard;
			sourceTree = "<group>";
		};
		E21A85662AF9469900655648 /* LaunchScreen.storyboard */ = {
			isa = PBXVariantGroup;
			children = (
				E21A85672AF9469900655648 /* Base */,
			);
			name = LaunchScreen.storyboard;
			sourceTree = "<group>";
		};
/* End PBXVariantGroup section */

/* Begin XCBuildConfiguration section */
		E21A85802AF9469A00655648 /* Debug */ = {
			isa = XCBuildConfiguration;
			buildSettings = {
				ALWAYS_SEARCH_USER_PATHS = NO;
				ASSETCATALOG_COMPILER_GENERATE_SWIFT_ASSET_SYMBOL_EXTENSIONS = YES;
				CLANG_ANALYZER_NONNULL = YES;
				CLANG_ANALYZER_NUMBER_OBJECT_CONVERSION = YES_AGGRESSIVE;
				CLANG_CXX_LANGUAGE_STANDARD = "gnu++20";
				CLANG_ENABLE_MODULES = YES;
				CLANG_ENABLE_OBJC_ARC = YES;
				CLANG_ENABLE_OBJC_WEAK = YES;
				CLANG_WARN_BLOCK_CAPTURE_AUTORELEASING = YES;
				CLANG_WARN_BOOL_CONVERSION = YES;
				CLANG_WARN_COMMA = YES;
				CLANG_WARN_CONSTANT_CONVERSION = YES;
				CLANG_WARN_DEPRECATED_OBJC_IMPLEMENTATIONS = YES;
				CLANG_WARN_DIRECT_OBJC_ISA_USAGE = YES_ERROR;
				CLANG_WARN_DOCUMENTATION_COMMENTS = YES;
				CLANG_WARN_EMPTY_BODY = YES;
				CLANG_WARN_ENUM_CONVERSION = YES;
				CLANG_WARN_INFINITE_RECURSION = YES;
				CLANG_WARN_INT_CONVERSION = YES;
				CLANG_WARN_NON_LITERAL_NULL_CONVERSION = YES;
				CLANG_WARN_OBJC_IMPLICIT_RETAIN_SELF = YES;
				CLANG_WARN_OBJC_LITERAL_CONVERSION = YES;
				CLANG_WARN_OBJC_ROOT_CLASS = YES_ERROR;
				CLANG_WARN_QUOTED_INCLUDE_IN_FRAMEWORK_HEADER = YES;
				CLANG_WARN_RANGE_LOOP_ANALYSIS = YES;
				CLANG_WARN_STRICT_PROTOTYPES = YES;
				CLANG_WARN_SUSPICIOUS_MOVE = YES;
				CLANG_WARN_UNGUARDED_AVAILABILITY = YES_AGGRESSIVE;
				CLANG_WARN_UNREACHABLE_CODE = YES;
				CLANG_WARN__DUPLICATE_METHOD_MATCH = YES;
				COPY_PHASE_STRIP = NO;
				DEBUG_INFORMATION_FORMAT = dwarf;
				ENABLE_STRICT_OBJC_MSGSEND = YES;
				ENABLE_TESTABILITY = YES;
				ENABLE_USER_SCRIPT_SANDBOXING = YES;
				GCC_C_LANGUAGE_STANDARD = gnu17;
				GCC_DYNAMIC_NO_PIC = NO;
				GCC_NO_COMMON_BLOCKS = YES;
				GCC_OPTIMIZATION_LEVEL = 0;
				GCC_PREPROCESSOR_DEFINITIONS = (
					"DEBUG=1",
					"$(inherited)",
				);
				GCC_WARN_64_TO_32_BIT_CONVERSION = YES;
				GCC_WARN_ABOUT_RETURN_TYPE = YES_ERROR;
				GCC_WARN_UNDECLARED_SELECTOR = YES;
				GCC_WARN_UNINITIALIZED_AUTOS = YES_AGGRESSIVE;
				GCC_WARN_UNUSED_FUNCTION = YES;
				GCC_WARN_UNUSED_VARIABLE = YES;
				IPHONEOS_DEPLOYMENT_TARGET = 17.0;
				LOCALIZATION_PREFERS_STRING_CATALOGS = YES;
				MTL_ENABLE_DEBUG_INFO = INCLUDE_SOURCE;
				MTL_FAST_MATH = YES;
				ONLY_ACTIVE_ARCH = YES;
				SDKROOT = iphoneos;
				SWIFT_ACTIVE_COMPILATION_CONDITIONS = "DEBUG $(inherited)";
				SWIFT_OPTIMIZATION_LEVEL = "-Onone";
			};
			name = Debug;
		};
		E21A85812AF9469A00655648 /* Release */ = {
			isa = XCBuildConfiguration;
			buildSettings = {
				ALWAYS_SEARCH_USER_PATHS = NO;
				ASSETCATALOG_COMPILER_GENERATE_SWIFT_ASSET_SYMBOL_EXTENSIONS = YES;
				CLANG_ANALYZER_NONNULL = YES;
				CLANG_ANALYZER_NUMBER_OBJECT_CONVERSION = YES_AGGRESSIVE;
				CLANG_CXX_LANGUAGE_STANDARD = "gnu++20";
				CLANG_ENABLE_MODULES = YES;
				CLANG_ENABLE_OBJC_ARC = YES;
				CLANG_ENABLE_OBJC_WEAK = YES;
				CLANG_WARN_BLOCK_CAPTURE_AUTORELEASING = YES;
				CLANG_WARN_BOOL_CONVERSION = YES;
				CLANG_WARN_COMMA = YES;
				CLANG_WARN_CONSTANT_CONVERSION = YES;
				CLANG_WARN_DEPRECATED_OBJC_IMPLEMENTATIONS = YES;
				CLANG_WARN_DIRECT_OBJC_ISA_USAGE = YES_ERROR;
				CLANG_WARN_DOCUMENTATION_COMMENTS = YES;
				CLANG_WARN_EMPTY_BODY = YES;
				CLANG_WARN_ENUM_CONVERSION = YES;
				CLANG_WARN_INFINITE_RECURSION = YES;
				CLANG_WARN_INT_CONVERSION = YES;
				CLANG_WARN_NON_LITERAL_NULL_CONVERSION = YES;
				CLANG_WARN_OBJC_IMPLICIT_RETAIN_SELF = YES;
				CLANG_WARN_OBJC_LITERAL_CONVERSION = YES;
				CLANG_WARN_OBJC_ROOT_CLASS = YES_ERROR;
				CLANG_WARN_QUOTED_INCLUDE_IN_FRAMEWORK_HEADER = YES;
				CLANG_WARN_RANGE_LOOP_ANALYSIS = YES;
				CLANG_WARN_STRICT_PROTOTYPES = YES;
				CLANG_WARN_SUSPICIOUS_MOVE = YES;
				CLANG_WARN_UNGUARDED_AVAILABILITY = YES_AGGRESSIVE;
				CLANG_WARN_UNREACHABLE_CODE = YES;
				CLANG_WARN__DUPLICATE_METHOD_MATCH = YES;
				COPY_PHASE_STRIP = NO;
				DEBUG_INFORMATION_FORMAT = "dwarf-with-dsym";
				ENABLE_NS_ASSERTIONS = NO;
				ENABLE_STRICT_OBJC_MSGSEND = YES;
				ENABLE_USER_SCRIPT_SANDBOXING = YES;
				GCC_C_LANGUAGE_STANDARD = gnu17;
				GCC_NO_COMMON_BLOCKS = YES;
				GCC_WARN_64_TO_32_BIT_CONVERSION = YES;
				GCC_WARN_ABOUT_RETURN_TYPE = YES_ERROR;
				GCC_WARN_UNDECLARED_SELECTOR = YES;
				GCC_WARN_UNINITIALIZED_AUTOS = YES_AGGRESSIVE;
				GCC_WARN_UNUSED_FUNCTION = YES;
				GCC_WARN_UNUSED_VARIABLE = YES;
				IPHONEOS_DEPLOYMENT_TARGET = 17.0;
				LOCALIZATION_PREFERS_STRING_CATALOGS = YES;
				MTL_ENABLE_DEBUG_INFO = NO;
				MTL_FAST_MATH = YES;
				SDKROOT = iphoneos;
				SWIFT_COMPILATION_MODE = wholemodule;
				VALIDATE_PRODUCT = YES;
			};
			name = Release;
		};
		E21A85832AF9469A00655648 /* Debug */ = {
			isa = XCBuildConfiguration;
			baseConfigurationReference = D31C84FD523A2C66FA6F6784 /* Pods-Dyslexic.debug.xcconfig */;
			buildSettings = {
				ASSETCATALOG_COMPILER_APPICON_NAME = AppIcon;
				ASSETCATALOG_COMPILER_GLOBAL_ACCENT_COLOR_NAME = AccentColor;
				CODE_SIGN_STYLE = Automatic;
				CURRENT_PROJECT_VERSION = 1;
				DEVELOPMENT_TEAM = YCP29A84B3;
				GENERATE_INFOPLIST_FILE = YES;
				INFOPLIST_FILE = Dyslexic/Info.plist;
				INFOPLIST_KEY_UIApplicationSupportsIndirectInputEvents = YES;
				INFOPLIST_KEY_UILaunchStoryboardName = LaunchScreen;
				INFOPLIST_KEY_UIMainStoryboardFile = Main;
				INFOPLIST_KEY_UISupportedInterfaceOrientations_iPad = "UIInterfaceOrientationPortrait UIInterfaceOrientationPortraitUpsideDown UIInterfaceOrientationLandscapeLeft UIInterfaceOrientationLandscapeRight";
				INFOPLIST_KEY_UISupportedInterfaceOrientations_iPhone = "UIInterfaceOrientationPortrait UIInterfaceOrientationLandscapeLeft UIInterfaceOrientationLandscapeRight";
				LD_RUNPATH_SEARCH_PATHS = (
					"$(inherited)",
					"@executable_path/Frameworks",
				);
				MARKETING_VERSION = 1.0;
				PRODUCT_BUNDLE_IDENTIFIER = veerjyot.sammi.Dyslexic;
				PRODUCT_NAME = "$(TARGET_NAME)";
				SWIFT_EMIT_LOC_STRINGS = YES;
				SWIFT_VERSION = 5.0;
				TARGETED_DEVICE_FAMILY = "1,2";
			};
			name = Debug;
		};
		E21A85842AF9469A00655648 /* Release */ = {
			isa = XCBuildConfiguration;
			baseConfigurationReference = D804E78219D97DCD549C2BAE /* Pods-Dyslexic.release.xcconfig */;
			buildSettings = {
				ASSETCATALOG_COMPILER_APPICON_NAME = AppIcon;
				ASSETCATALOG_COMPILER_GLOBAL_ACCENT_COLOR_NAME = AccentColor;
				CODE_SIGN_STYLE = Automatic;
				CURRENT_PROJECT_VERSION = 1;
				DEVELOPMENT_TEAM = YCP29A84B3;
				GENERATE_INFOPLIST_FILE = YES;
				INFOPLIST_FILE = Dyslexic/Info.plist;
				INFOPLIST_KEY_UIApplicationSupportsIndirectInputEvents = YES;
				INFOPLIST_KEY_UILaunchStoryboardName = LaunchScreen;
				INFOPLIST_KEY_UIMainStoryboardFile = Main;
				INFOPLIST_KEY_UISupportedInterfaceOrientations_iPad = "UIInterfaceOrientationPortrait UIInterfaceOrientationPortraitUpsideDown UIInterfaceOrientationLandscapeLeft UIInterfaceOrientationLandscapeRight";
				INFOPLIST_KEY_UISupportedInterfaceOrientations_iPhone = "UIInterfaceOrientationPortrait UIInterfaceOrientationLandscapeLeft UIInterfaceOrientationLandscapeRight";
				LD_RUNPATH_SEARCH_PATHS = (
					"$(inherited)",
					"@executable_path/Frameworks",
				);
				MARKETING_VERSION = 1.0;
				PRODUCT_BUNDLE_IDENTIFIER = veerjyot.sammi.Dyslexic;
				PRODUCT_NAME = "$(TARGET_NAME)";
				SWIFT_EMIT_LOC_STRINGS = YES;
				SWIFT_VERSION = 5.0;
				TARGETED_DEVICE_FAMILY = "1,2";
			};
			name = Release;
		};
		E21A85862AF9469A00655648 /* Debug */ = {
			isa = XCBuildConfiguration;
			baseConfigurationReference = C4E600C43F8D7E3EF608254A /* Pods-DyslexicTests.debug.xcconfig */;
			buildSettings = {
				ALWAYS_EMBED_SWIFT_STANDARD_LIBRARIES = YES;
				BUNDLE_LOADER = "$(TEST_HOST)";
				CODE_SIGN_STYLE = Automatic;
				CURRENT_PROJECT_VERSION = 1;
				DEVELOPMENT_TEAM = YCP29A84B3;
				GENERATE_INFOPLIST_FILE = YES;
				IPHONEOS_DEPLOYMENT_TARGET = 17.0;
				MARKETING_VERSION = 1.0;
				PRODUCT_BUNDLE_IDENTIFIER = veerjyot.sammi.DyslexicTests;
				PRODUCT_NAME = "$(TARGET_NAME)";
				SWIFT_EMIT_LOC_STRINGS = NO;
				SWIFT_VERSION = 5.0;
				TARGETED_DEVICE_FAMILY = "1,2";
				TEST_HOST = "$(BUILT_PRODUCTS_DIR)/Dyslexic.app/$(BUNDLE_EXECUTABLE_FOLDER_PATH)/Dyslexic";
			};
			name = Debug;
		};
		E21A85872AF9469A00655648 /* Release */ = {
			isa = XCBuildConfiguration;
			baseConfigurationReference = 4052240DE8A763A5E6389929 /* Pods-DyslexicTests.release.xcconfig */;
			buildSettings = {
				ALWAYS_EMBED_SWIFT_STANDARD_LIBRARIES = YES;
				BUNDLE_LOADER = "$(TEST_HOST)";
				CODE_SIGN_STYLE = Automatic;
				CURRENT_PROJECT_VERSION = 1;
				DEVELOPMENT_TEAM = YCP29A84B3;
				GENERATE_INFOPLIST_FILE = YES;
				IPHONEOS_DEPLOYMENT_TARGET = 17.0;
				MARKETING_VERSION = 1.0;
				PRODUCT_BUNDLE_IDENTIFIER = veerjyot.sammi.DyslexicTests;
				PRODUCT_NAME = "$(TARGET_NAME)";
				SWIFT_EMIT_LOC_STRINGS = NO;
				SWIFT_VERSION = 5.0;
				TARGETED_DEVICE_FAMILY = "1,2";
				TEST_HOST = "$(BUILT_PRODUCTS_DIR)/Dyslexic.app/$(BUNDLE_EXECUTABLE_FOLDER_PATH)/Dyslexic";
			};
			name = Release;
		};
		E21A85892AF9469A00655648 /* Debug */ = {
			isa = XCBuildConfiguration;
			baseConfigurationReference = 31DE1F2690A11DB787CCDA78 /* Pods-Dyslexic-DyslexicUITests.debug.xcconfig */;
			buildSettings = {
				ALWAYS_EMBED_SWIFT_STANDARD_LIBRARIES = YES;
				CODE_SIGN_STYLE = Automatic;
				CURRENT_PROJECT_VERSION = 1;
				DEVELOPMENT_TEAM = YCP29A84B3;
				GENERATE_INFOPLIST_FILE = YES;
				MARKETING_VERSION = 1.0;
				PRODUCT_BUNDLE_IDENTIFIER = veerjyot.sammi.DyslexicUITests;
				PRODUCT_NAME = "$(TARGET_NAME)";
				SWIFT_EMIT_LOC_STRINGS = NO;
				SWIFT_VERSION = 5.0;
				TARGETED_DEVICE_FAMILY = "1,2";
				TEST_TARGET_NAME = Dyslexic;
			};
			name = Debug;
		};
		E21A858A2AF9469A00655648 /* Release */ = {
			isa = XCBuildConfiguration;
			baseConfigurationReference = B8CC6C1E3BD63516DC8B8BEF /* Pods-Dyslexic-DyslexicUITests.release.xcconfig */;
			buildSettings = {
				ALWAYS_EMBED_SWIFT_STANDARD_LIBRARIES = YES;
				CODE_SIGN_STYLE = Automatic;
				CURRENT_PROJECT_VERSION = 1;
				DEVELOPMENT_TEAM = YCP29A84B3;
				GENERATE_INFOPLIST_FILE = YES;
				MARKETING_VERSION = 1.0;
				PRODUCT_BUNDLE_IDENTIFIER = veerjyot.sammi.DyslexicUITests;
				PRODUCT_NAME = "$(TARGET_NAME)";
				SWIFT_EMIT_LOC_STRINGS = NO;
				SWIFT_VERSION = 5.0;
				TARGETED_DEVICE_FAMILY = "1,2";
				TEST_TARGET_NAME = Dyslexic;
			};
			name = Release;
		};
/* End XCBuildConfiguration section */

/* Begin XCConfigurationList section */
		E21A85532AF9469400655648 /* Build configuration list for PBXProject "Dyslexic" */ = {
			isa = XCConfigurationList;
			buildConfigurations = (
				E21A85802AF9469A00655648 /* Debug */,
				E21A85812AF9469A00655648 /* Release */,
			);
			defaultConfigurationIsVisible = 0;
			defaultConfigurationName = Release;
		};
		E21A85822AF9469A00655648 /* Build configuration list for PBXNativeTarget "Dyslexic" */ = {
			isa = XCConfigurationList;
			buildConfigurations = (
				E21A85832AF9469A00655648 /* Debug */,
				E21A85842AF9469A00655648 /* Release */,
			);
			defaultConfigurationIsVisible = 0;
			defaultConfigurationName = Release;
		};
		E21A85852AF9469A00655648 /* Build configuration list for PBXNativeTarget "DyslexicTests" */ = {
			isa = XCConfigurationList;
			buildConfigurations = (
				E21A85862AF9469A00655648 /* Debug */,
				E21A85872AF9469A00655648 /* Release */,
			);
			defaultConfigurationIsVisible = 0;
			defaultConfigurationName = Release;
		};
		E21A85882AF9469A00655648 /* Build configuration list for PBXNativeTarget "DyslexicUITests" */ = {
			isa = XCConfigurationList;
			buildConfigurations = (
				E21A85892AF9469A00655648 /* Debug */,
				E21A858A2AF9469A00655648 /* Release */,
			);
			defaultConfigurationIsVisible = 0;
			defaultConfigurationName = Release;
		};
/* End XCConfigurationList section */

/* Begin XCRemoteSwiftPackageReference section */
		E21A858B2AF9E34500655648 /* XCRemoteSwiftPackageReference "Alamofire" */ = {
			isa = XCRemoteSwiftPackageReference;
			repositoryURL = "https://github.com/Alamofire/Alamofire.git";
			requirement = {
				kind = upToNextMajorVersion;
				minimumVersion = 5.8.1;
			};
		};
/* End XCRemoteSwiftPackageReference section */

/* Begin XCSwiftPackageProductDependency section */
		E21A858C2AF9E34500655648 /* Alamofire */ = {
			isa = XCSwiftPackageProductDependency;
			package = E21A858B2AF9E34500655648 /* XCRemoteSwiftPackageReference "Alamofire" */;
			productName = Alamofire;
		};
/* End XCSwiftPackageProductDependency section */
	};
	rootObject = E21A85502AF9469400655648 /* Project object */;
}
